
Microsoft Visual Studio Solution File, Format Version 12.00
# Visual Studio Version 17
VisualStudioVersion = 17.1.32210.238
MinimumVisualStudioVersion = 10.0.40219.1
Project("{9A19103F-16F7-4668-BE54-9A1E7A4F7556}") = "TopTenPresidentsWebApi", "TopTenPresidentsWebApi\TopTenPresidentsWebApi.csproj", "{5259E5FE-CF20-4FB5-874B-57156D704355}"
EndProject
Project("{2150E333-8FDC-42A3-9474-1A3956D46DE8}") = "Solution Items", "Solution Items", "{A8038296-2E14-4943-B263-7E9D5664D4FF}"
	ProjectSection(SolutionItems) = preProject
		.dockerignore = .dockerignore
		.editorconfig = .editorconfig
		.gitattributes = .gitattributes
		.gitignore = .gitignore
		README.md = README.md
	EndProjectSection
EndProject
Project("{9A19103F-16F7-4668-BE54-9A1E7A4F7556}") = "TopTenPresidents.Test.Integration", "TopTenPresidents.Test.Integration\TopTenPresidents.Test.Integration.csproj", "{555391D0-5322-4C0B-8FE7-4CB4F5A137EC}"
EndProject
Project("{9A19103F-16F7-4668-BE54-9A1E7A4F7556}") = "TopTenPresidents.Shared", "TopTenPresidents.Shared\TopTenPresidents.Shared.csproj", "{1EF12D0D-1CC7-44D9-8609-34E3D2A65498}"
EndProject
Project("{9A19103F-16F7-4668-BE54-9A1E7A4F7556}") = "TopTenPresidents.Data", "TopTenPresidents.Data\TopTenPresidents.Data.csproj", "{2095ED62-9450-4CD8-A423-70CC66432D9C}"
EndProject
Global
	GlobalSection(SolutionConfigurationPlatforms) = preSolution
		Debug|Any CPU = Debug|Any CPU
		Release|Any CPU = Release|Any CPU
	EndGlobalSection
	GlobalSection(ProjectConfigurationPlatforms) = postSolution
		{5259E5FE-CF20-4FB5-874B-57156D704355}.Debug|Any CPU.ActiveCfg = Debug|Any CPU
		{5259E5FE-CF20-4FB5-874B-57156D704355}.Debug|Any CPU.Build.0 = Debug|Any CPU
		{5259E5FE-CF20-4FB5-874B-57156D704355}.Release|Any CPU.ActiveCfg = Release|Any CPU
		{5259E5FE-CF20-4FB5-874B-57156D704355}.Release|Any CPU.Build.0 = Release|Any CPU
		{555391D0-5322-4C0B-8FE7-4CB4F5A137EC}.Debug|Any CPU.ActiveCfg = Debug|Any CPU
		{555391D0-5322-4C0B-8FE7-4CB4F5A137EC}.Debug|Any CPU.Build.0 = Debug|Any CPU
		{555391D0-5322-4C0B-8FE7-4CB4F5A137EC}.Release|Any CPU.ActiveCfg = Release|Any CPU
		{555391D0-5322-4C0B-8FE7-4CB4F5A137EC}.Release|Any CPU.Build.0 = Release|Any CPU
		{1EF12D0D-1CC7-44D9-8609-34E3D2A65498}.Debug|Any CPU.ActiveCfg = Debug|Any CPU
		{1EF12D0D-1CC7-44D9-8609-34E3D2A65498}.Debug|Any CPU.Build.0 = Debug|Any CPU
		{1EF12D0D-1CC7-44D9-8609-34E3D2A65498}.Release|Any CPU.ActiveCfg = Release|Any CPU
		{1EF12D0D-1CC7-44D9-8609-34E3D2A65498}.Release|Any CPU.Build.0 = Release|Any CPU
		{2095ED62-9450-4CD8-A423-70CC66432D9C}.Debug|Any CPU.ActiveCfg = Debug|Any CPU
		{2095ED62-9450-4CD8-A423-70CC66432D9C}.Debug|Any CPU.Build.0 = Debug|Any CPU
		{2095ED62-9450-4CD8-A423-70CC66432D9C}.Release|Any CPU.ActiveCfg = Release|Any CPU
		{2095ED62-9450-4CD8-A423-70CC66432D9C}.Release|Any CPU.Build.0 = Release|Any CPU
	EndGlobalSection
	GlobalSection(SolutionProperties) = preSolution
		HideSolutionNode = FALSE
	EndGlobalSection
	GlobalSection(ExtensibilityGlobals) = postSolution
		SolutionGuid = {4689213A-1F8D-4D5F-84C2-DBFE9678361B}
	EndGlobalSection
EndGlobal
